// !$*UTF8*$!
{
	archiveVersion = 1;
	classes = {
	};
	objectVersion = 46;
	objects = {

/* Begin PBXBuildFile section */
		1788C5FD1AAE004000F7D62F /* IRTextFieldDrag.m in Sources */ = {isa = PBXBuildFile; fileRef = 1788C5FB1AAE004000F7D62F /* IRTextFieldDrag.m */; };
		178993121AA8BC4D00A64720 /* AppDelegate.m in Sources */ = {isa = PBXBuildFile; fileRef = 178993111AA8BC4D00A64720 /* AppDelegate.m */; };
		178993141AA8BC4D00A64720 /* main.m in Sources */ = {isa = PBXBuildFile; fileRef = 178993131AA8BC4D00A64720 /* main.m */; };
		178993191AA8BC4D00A64720 /* MainMenu.xib in Resources */ = {isa = PBXBuildFile; fileRef = 178993171AA8BC4D00A64720 /* MainMenu.xib */; };
		178993311AA8BD9400A64720 /* MasterViewController.m in Sources */ = {isa = PBXBuildFile; fileRef = 1789932F1AA8BD9400A64720 /* MasterViewController.m */; };
		178993321AA8BD9400A64720 /* MasterViewController.xib in Resources */ = {isa = PBXBuildFile; fileRef = 178993301AA8BD9400A64720 /* MasterViewController.xib */; };
		DFEA42921AFB71BF0047F6B8 /* libsqlite3.0.dylib in Frameworks */ = {isa = PBXBuildFile; fileRef = DFEA42911AFB71BF0047F6B8 /* libsqlite3.0.dylib */; };
/* End PBXBuildFile section */

/* Begin PBXFileReference section */
		1788C5FB1AAE004000F7D62F /* IRTextFieldDrag.m */ = {isa = PBXFileReference; fileEncoding = 4; lastKnownFileType = sourcecode.c.objc; path = IRTextFieldDrag.m; sourceTree = "<group>"; };
		1788C5FC1AAE004000F7D62F /* IRTextFieldDrag.h */ = {isa = PBXFileReference; fileEncoding = 4; lastKnownFileType = sourcecode.c.h; path = IRTextFieldDrag.h; sourceTree = "<group>"; };
		1789930B1AA8BC4D00A64720 /* DBInfo.app */ = {isa = PBXFileReference; explicitFileType = wrapper.application; includeInIndex = 0; path = DBInfo.app; sourceTree = BUILT_PRODUCTS_DIR; };
		1789930F1AA8BC4D00A64720 /* Info.plist */ = {isa = PBXFileReference; lastKnownFileType = text.plist.xml; path = Info.plist; sourceTree = "<group>"; };
		178993101AA8BC4D00A64720 /* AppDelegate.h */ = {isa = PBXFileReference; lastKnownFileType = sourcecode.c.h; path = AppDelegate.h; sourceTree = "<group>"; };
		178993111AA8BC4D00A64720 /* AppDelegate.m */ = {isa = PBXFileReference; lastKnownFileType = sourcecode.c.objc; path = AppDelegate.m; sourceTree = "<group>"; };
		178993131AA8BC4D00A64720 /* main.m */ = {isa = PBXFileReference; lastKnownFileType = sourcecode.c.objc; path = main.m; sourceTree = "<group>"; };
		178993181AA8BC4D00A64720 /* Base */ = {isa = PBXFileReference; lastKnownFileType = file.xib; name = Base; path = Base.lproj/MainMenu.xib; sourceTree = "<group>"; };
		1789932E1AA8BD9400A64720 /* MasterViewController.h */ = {isa = PBXFileReference; fileEncoding = 4; lastKnownFileType = sourcecode.c.h; path = MasterViewController.h; sourceTree = "<group>"; };
		1789932F1AA8BD9400A64720 /* MasterViewController.m */ = {isa = PBXFileReference; fileEncoding = 4; lastKnownFileType = sourcecode.c.objc; path = MasterViewController.m; sourceTree = "<group>"; };
		178993301AA8BD9400A64720 /* MasterViewController.xib */ = {isa = PBXFileReference; fileEncoding = 4; lastKnownFileType = file.xib; path = MasterViewController.xib; sourceTree = "<group>"; };
		17E336A51AACD19D00AD5ED9 /* HelloWorld.entitlements */ = {isa = PBXFileReference; lastKnownFileType = text.xml; path = HelloWorld.entitlements; sourceTree = "<group>"; };
		DFEA42911AFB71BF0047F6B8 /* libsqlite3.0.dylib */ = {isa = PBXFileReference; lastKnownFileType = "compiled.mach-o.dylib"; name = libsqlite3.0.dylib; path = usr/lib/libsqlite3.0.dylib; sourceTree = SDKROOT; };
/* End PBXFileReference section */

/* Begin PBXFrameworksBuildPhase section */
		178993081AA8BC4D00A64720 /* Frameworks */ = {
			isa = PBXFrameworksBuildPhase;
			buildActionMask = 2147483647;
			files = (
				DFEA42921AFB71BF0047F6B8 /* libsqlite3.0.dylib in Frameworks */,
			);
			runOnlyForDeploymentPostprocessing = 0;
		};
/* End PBXFrameworksBuildPhase section */

/* Begin PBXGroup section */
		1788C5FA1AAE003100F7D62F /* Helper */ = {
			isa = PBXGroup;
			children = (
				1788C5FC1AAE004000F7D62F /* IRTextFieldDrag.h */,
				1788C5FB1AAE004000F7D62F /* IRTextFieldDrag.m */,
			);
			name = Helper;
			sourceTree = "<group>";
		};
		178993021AA8BC4D00A64720 = {
			isa = PBXGroup;
			children = (
				1789930D1AA8BC4D00A64720 /* HelloWorld */,
				1789930C1AA8BC4D00A64720 /* Products */,
			);
			sourceTree = "<group>";
		};
		1789930C1AA8BC4D00A64720 /* Products */ = {
			isa = PBXGroup;
			children = (
				1789930B1AA8BC4D00A64720 /* DBInfo.app */,
			);
			name = Products;
			sourceTree = "<group>";
		};
		1789930D1AA8BC4D00A64720 /* HelloWorld */ = {
			isa = PBXGroup;
			children = (
				17E336A51AACD19D00AD5ED9 /* HelloWorld.entitlements */,
				178993331AA8C24600A64720 /* GUI */,
				1789930E1AA8BC4D00A64720 /* Supporting Files */,
			);
			path = HelloWorld;
			sourceTree = "<group>";
		};
		1789930E1AA8BC4D00A64720 /* Supporting Files */ = {
			isa = PBXGroup;
			children = (
				DFEA42911AFB71BF0047F6B8 /* libsqlite3.0.dylib */,
				1789930F1AA8BC4D00A64720 /* Info.plist */,
				178993131AA8BC4D00A64720 /* main.m */,
			);
			name = "Supporting Files";
			sourceTree = "<group>";
		};
		178993331AA8C24600A64720 /* GUI */ = {
			isa = PBXGroup;
			children = (
				1788C5FA1AAE003100F7D62F /* Helper */,
				178993101AA8BC4D00A64720 /* AppDelegate.h */,
				178993111AA8BC4D00A64720 /* AppDelegate.m */,
				1789932E1AA8BD9400A64720 /* MasterViewController.h */,
				1789932F1AA8BD9400A64720 /* MasterViewController.m */,
				178993171AA8BC4D00A64720 /* MainMenu.xib */,
				178993301AA8BD9400A64720 /* MasterViewController.xib */,
			);
			name = GUI;
			sourceTree = "<group>";
		};
/* End PBXGroup section */

/* Begin PBXNativeTarget section */
		1789930A1AA8BC4D00A64720 /* HelloWorld */ = {
			isa = PBXNativeTarget;
			buildConfigurationList = 178993281AA8BC4D00A64720 /* Build configuration list for PBXNativeTarget "HelloWorld" */;
			buildPhases = (
				178993071AA8BC4D00A64720 /* Sources */,
				178993081AA8BC4D00A64720 /* Frameworks */,
				178993091AA8BC4D00A64720 /* Resources */,
			);
			buildRules = (
			);
			dependencies = (
			);
			name = HelloWorld;
			productName = HelloWorld;
			productReference = 1789930B1AA8BC4D00A64720 /* DBInfo.app */;
			productType = "com.apple.product-type.application";
		};
/* End PBXNativeTarget section */

/* Begin PBXProject section */
		178993031AA8BC4D00A64720 /* Project object */ = {
			isa = PBXProject;
			attributes = {
				LastUpgradeCheck = 0610;
				ORGANIZATIONNAME = "Francesca Corsini";
				TargetAttributes = {
					1789930A1AA8BC4D00A64720 = {
						CreatedOnToolsVersion = 6.1.1;
						SystemCapabilities = {
							com.apple.Sandbox = {
								enabled = 1;
							};
						};
					};
				};
			};
			buildConfigurationList = 178993061AA8BC4D00A64720 /* Build configuration list for PBXProject "HelloWorld" */;
			compatibilityVersion = "Xcode 3.2";
			developmentRegion = English;
			hasScannedForEncodings = 0;
			knownRegions = (
				en,
				Base,
			);
			mainGroup = 178993021AA8BC4D00A64720;
			productRefGroup = 1789930C1AA8BC4D00A64720 /* Products */;
			projectDirPath = "";
			projectRoot = "";
			targets = (
				1789930A1AA8BC4D00A64720 /* HelloWorld */,
			);
		};
/* End PBXProject section */

/* Begin PBXResourcesBuildPhase section */
		178993091AA8BC4D00A64720 /* Resources */ = {
			isa = PBXResourcesBuildPhase;
			buildActionMask = 2147483647;
			files = (
				178993191AA8BC4D00A64720 /* MainMenu.xib in Resources */,
				178993321AA8BD9400A64720 /* MasterViewController.xib in Resources */,
			);
			runOnlyForDeploymentPostprocessing = 0;
		};
/* End PBXResourcesBuildPhase section */

/* Begin PBXSourcesBuildPhase section */
		178993071AA8BC4D00A64720 /* Sources */ = {
			isa = PBXSourcesBuildPhase;
			buildActionMask = 2147483647;
			files = (
				178993141AA8BC4D00A64720 /* main.m in Sources */,
				178993311AA8BD9400A64720 /* MasterViewController.m in Sources */,
				1788C5FD1AAE004000F7D62F /* IRTextFieldDrag.m in Sources */,
				178993121AA8BC4D00A64720 /* AppDelegate.m in Sources */,
			);
			runOnlyForDeploymentPostprocessing = 0;
		};
/* End PBXSourcesBuildPhase section */

/* Begin PBXVariantGroup section */
		178993171AA8BC4D00A64720 /* MainMenu.xib */ = {
			isa = PBXVariantGroup;
			children = (
				178993181AA8BC4D00A64720 /* Base */,
			);
			name = MainMenu.xib;
			sourceTree = "<group>";
		};
/* End PBXVariantGroup section */

/* Begin XCBuildConfiguration section */
		178993261AA8BC4D00A64720 /* Debug */ = {
			isa = XCBuildConfiguration;
			buildSettings = {
				ALWAYS_SEARCH_USER_PATHS = NO;
				CLANG_CXX_LANGUAGE_STANDARD = "gnu++0x";
				CLANG_CXX_LIBRARY = "libc++";
				CLANG_ENABLE_MODULES = YES;
				CLANG_ENABLE_OBJC_ARC = YES;
				CLANG_WARN_BOOL_CONVERSION = YES;
				CLANG_WARN_CONSTANT_CONVERSION = YES;
				CLANG_WARN_DIRECT_OBJC_ISA_USAGE = YES_ERROR;
				CLANG_WARN_EMPTY_BODY = YES;
				CLANG_WARN_ENUM_CONVERSION = YES;
				CLANG_WARN_INT_CONVERSION = YES;
				CLANG_WARN_OBJC_ROOT_CLASS = YES_ERROR;
				CLANG_WARN_UNREACHABLE_CODE = YES;
				CLANG_WARN__DUPLICATE_METHOD_MATCH = YES;
				CODE_SIGN_IDENTITY = "-";
				COPY_PHASE_STRIP = NO;
				ENABLE_STRICT_OBJC_MSGSEND = YES;
				GCC_C_LANGUAGE_STANDARD = gnu99;
				GCC_DYNAMIC_NO_PIC = NO;
				GCC_OPTIMIZATION_LEVEL = 0;
				GCC_PREPROCESSOR_DEFINITIONS = (
					"DEBUG=1",
					"$(inherited)",
				);
				GCC_SYMBOLS_PRIVATE_EXTERN = NO;
				GCC_WARN_64_TO_32_BIT_CONVERSION = YES;
				GCC_WARN_ABOUT_RETURN_TYPE = YES_ERROR;
				GCC_WARN_UNDECLARED_SELECTOR = YES;
				GCC_WARN_UNINITIALIZED_AUTOS = YES_AGGRESSIVE;
				GCC_WARN_UNUSED_FUNCTION = YES;
				GCC_WARN_UNUSED_VARIABLE = YES;
				MACOSX_DEPLOYMENT_TARGET = 10.9;
				MTL_ENABLE_DEBUG_INFO = YES;
				ONLY_ACTIVE_ARCH = YES;
				SDKROOT = macosx;
			};
			name = Debug;
		};
		178993271AA8BC4D00A64720 /* Release */ = {
			isa = XCBuildConfiguration;
			buildSettings = {
				ALWAYS_SEARCH_USER_PATHS = NO;
				CLANG_CXX_LANGUAGE_STANDARD = "gnu++0x";
				CLANG_CXX_LIBRARY = "libc++";
				CLANG_ENABLE_MODULES = YES;
				CLANG_ENABLE_OBJC_ARC = YES;
				CLANG_WARN_BOOL_CONVERSION = YES;
				CLANG_WARN_CONSTANT_CONVERSION = YES;
				CLANG_WARN_DIRECT_OBJC_ISA_USAGE = YES_ERROR;
				CLANG_WARN_EMPTY_BODY = YES;
				CLANG_WARN_ENUM_CONVERSION = YES;
				CLANG_WARN_INT_CONVERSION = YES;
				CLANG_WARN_OBJC_ROOT_CLASS = YES_ERROR;
				CLANG_WARN_UNREACHABLE_CODE = YES;
				CLANG_WARN__DUPLICATE_METHOD_MATCH = YES;
				CODE_SIGN_IDENTITY = "-";
				COPY_PHASE_STRIP = YES;
				DEBUG_INFORMATION_FORMAT = "dwarf-with-dsym";
				ENABLE_NS_ASSERTIONS = NO;
				ENABLE_STRICT_OBJC_MSGSEND = YES;
				GCC_C_LANGUAGE_STANDARD = gnu99;
				GCC_WARN_64_TO_32_BIT_CONVERSION = YES;
				GCC_WARN_ABOUT_RETURN_TYPE = YES_ERROR;
				GCC_WARN_UNDECLARED_SELECTOR = YES;
				GCC_WARN_UNINITIALIZED_AUTOS = YES_AGGRESSIVE;
				GCC_WARN_UNUSED_FUNCTION = YES;
				GCC_WARN_UNUSED_VARIABLE = YES;
				MACOSX_DEPLOYMENT_TARGET = 10.9;
				MTL_ENABLE_DEBUG_INFO = NO;
				SDKROOT = macosx;
			};
			name = Release;
		};
		178993291AA8BC4D00A64720 /* Debug */ = {
			isa = XCBuildConfiguration;
			buildSettings = {
				ASSETCATALOG_COMPILER_APPICON_NAME = AppIcon;
				CODE_SIGN_ENTITLEMENTS = HelloWorld/HelloWorld.entitlements;
				COMBINE_HIDPI_IMAGES = YES;
				INFOPLIST_FILE = HelloWorld/Info.plist;
				LD_RUNPATH_SEARCH_PATHS = "$(inherited) @executable_path/../Frameworks";
				MACOSX_DEPLOYMENT_TARGET = 10.9;
				PRODUCT_NAME = DBInfo;
			};
			name = Debug;
		};
		1789932A1AA8BC4D00A64720 /* Release */ = {
			isa = XCBuildConfiguration;
			buildSettings = {
				ASSETCATALOG_COMPILER_APPICON_NAME = AppIcon;
				CODE_SIGN_ENTITLEMENTS = HelloWorld/HelloWorld.entitlements;
				COMBINE_HIDPI_IMAGES = YES;
				INFOPLIST_FILE = HelloWorld/Info.plist;
				LD_RUNPATH_SEARCH_PATHS = "$(inherited) @executable_path/../Frameworks";
				MACOSX_DEPLOYMENT_TARGET = 10.9;
				PRODUCT_NAME = DBInfo;
			};
			name = Release;
		};
/* End XCBuildConfiguration section */

/* Begin XCConfigurationList section */
		178993061AA8BC4D00A64720 /* Build configuration list for PBXProject "HelloWorld" */ = {
			isa = XCConfigurationList;
			buildConfigurations = (
				178993261AA8BC4D00A64720 /* Debug */,
				178993271AA8BC4D00A64720 /* Release */,
			);
			defaultConfigurationIsVisible = 0;
			defaultConfigurationName = Release;
		};
		178993281AA8BC4D00A64720 /* Build configuration list for PBXNativeTarget "HelloWorld" */ = {
			isa = XCConfigurationList;
			buildConfigurations = (
				178993291AA8BC4D00A64720 /* Debug */,
				1789932A1AA8BC4D00A64720 /* Release */,
			);
			defaultConfigurationIsVisible = 0;
			defaultConfigurationName = Release;
		};
/* End XCConfigurationList section */
	};
	rootObject = 178993031AA8BC4D00A64720 /* Project object */;
}
